// !$*UTF8*$!
{
	archiveVersion = 1;
	classes = {
	};
	objectVersion = 51;
	objects = {

/* Begin PBXBuildFile section */
		034CE4231A2FFE7F27A325DE /* Pods_Formula1.framework in Frameworks */ = {isa = PBXBuildFile; fileRef = D7CB1A570B8DC8F2082F31F2 /* Pods_Formula1.framework */; };
		921AC88225B81E3B002B97FF /* PilotsViewModel.swift in Sources */ = {isa = PBXBuildFile; fileRef = 921AC88125B81E3B002B97FF /* PilotsViewModel.swift */; };
		929402CA25B301B90089D6B9 /* AppDelegate.swift in Sources */ = {isa = PBXBuildFile; fileRef = 929402C925B301B90089D6B9 /* AppDelegate.swift */; };
		929402CC25B301B90089D6B9 /* SceneDelegate.swift in Sources */ = {isa = PBXBuildFile; fileRef = 929402CB25B301B90089D6B9 /* SceneDelegate.swift */; };
		929402D125B301B90089D6B9 /* Main.storyboard in Resources */ = {isa = PBXBuildFile; fileRef = 929402CF25B301B90089D6B9 /* Main.storyboard */; };
		929402D325B301BC0089D6B9 /* Assets.xcassets in Resources */ = {isa = PBXBuildFile; fileRef = 929402D225B301BC0089D6B9 /* Assets.xcassets */; };
		929402D625B301BC0089D6B9 /* LaunchScreen.storyboard in Resources */ = {isa = PBXBuildFile; fileRef = 929402D425B301BC0089D6B9 /* LaunchScreen.storyboard */; };
		929402E125B304A80089D6B9 /* PilotsViewController.swift in Sources */ = {isa = PBXBuildFile; fileRef = 929402E025B304A80089D6B9 /* PilotsViewController.swift */; };
		929402ED25B308150089D6B9 /* Constants.swift in Sources */ = {isa = PBXBuildFile; fileRef = 929402EC25B308150089D6B9 /* Constants.swift */; };
		929402FA25B30F6B0089D6B9 /* Formula1Cell.swift in Sources */ = {isa = PBXBuildFile; fileRef = 929402F925B30F6B0089D6B9 /* Formula1Cell.swift */; };
		929C7D1725B45270006313A7 /* DetailsViewController.swift in Sources */ = {isa = PBXBuildFile; fileRef = 929C7D1625B45270006313A7 /* DetailsViewController.swift */; };
		929C7D2B25B47E03006313A7 /* APIClient.swift in Sources */ = {isa = PBXBuildFile; fileRef = 929C7D2A25B47E03006313A7 /* APIClient.swift */; };
		929C7D8C25B6103D006313A7 /* ApiRouter.swift in Sources */ = {isa = PBXBuildFile; fileRef = 929C7D8B25B6103D006313A7 /* ApiRouter.swift */; };
		92A7EC1325B85A5500E3C23D /* ItemCellViewModel.swift in Sources */ = {isa = PBXBuildFile; fileRef = 92A7EC1225B85A5500E3C23D /* ItemCellViewModel.swift */; };
		92D1D17F25BDC182005467FA /* Formula1Model.swift in Sources */ = {isa = PBXBuildFile; fileRef = 92D1D17E25BDC182005467FA /* Formula1Model.swift */; };
		92D1D18225BDC1AD005467FA /* PilotModel.swift in Sources */ = {isa = PBXBuildFile; fileRef = 92D1D18125BDC1AD005467FA /* PilotModel.swift */; };
		92D1D18525BDC1E2005467FA /* ApiError.swift in Sources */ = {isa = PBXBuildFile; fileRef = 92D1D18425BDC1E2005467FA /* ApiError.swift */; };
		92D1D1B525BDE36D005467FA /* SearchViewController.swift in Sources */ = {isa = PBXBuildFile; fileRef = 92D1D1B425BDE36D005467FA /* SearchViewController.swift */; };
/* End PBXBuildFile section */

/* Begin PBXFileReference section */
		241D06B071868949DB8CCBA7 /* Pods-Formula1.debug.xcconfig */ = {isa = PBXFileReference; includeInIndex = 1; lastKnownFileType = text.xcconfig; name = "Pods-Formula1.debug.xcconfig"; path = "Target Support Files/Pods-Formula1/Pods-Formula1.debug.xcconfig"; sourceTree = "<group>"; };
		8C4A423E31597868703CC469 /* Pods-Formula1.release.xcconfig */ = {isa = PBXFileReference; includeInIndex = 1; lastKnownFileType = text.xcconfig; name = "Pods-Formula1.release.xcconfig"; path = "Target Support Files/Pods-Formula1/Pods-Formula1.release.xcconfig"; sourceTree = "<group>"; };
		921AC88125B81E3B002B97FF /* PilotsViewModel.swift */ = {isa = PBXFileReference; lastKnownFileType = sourcecode.swift; path = PilotsViewModel.swift; sourceTree = "<group>"; };
		929402C625B301B90089D6B9 /* Formula1.app */ = {isa = PBXFileReference; explicitFileType = wrapper.application; includeInIndex = 0; path = Formula1.app; sourceTree = BUILT_PRODUCTS_DIR; };
		929402C925B301B90089D6B9 /* AppDelegate.swift */ = {isa = PBXFileReference; lastKnownFileType = sourcecode.swift; path = AppDelegate.swift; sourceTree = "<group>"; };
		929402CB25B301B90089D6B9 /* SceneDelegate.swift */ = {isa = PBXFileReference; lastKnownFileType = sourcecode.swift; path = SceneDelegate.swift; sourceTree = "<group>"; };
		929402D025B301B90089D6B9 /* Base */ = {isa = PBXFileReference; lastKnownFileType = file.storyboard; name = Base; path = Base.lproj/Main.storyboard; sourceTree = "<group>"; };
		929402D225B301BC0089D6B9 /* Assets.xcassets */ = {isa = PBXFileReference; lastKnownFileType = folder.assetcatalog; path = Assets.xcassets; sourceTree = "<group>"; };
		929402D525B301BC0089D6B9 /* Base */ = {isa = PBXFileReference; lastKnownFileType = file.storyboard; name = Base; path = Base.lproj/LaunchScreen.storyboard; sourceTree = "<group>"; };
		929402D725B301BC0089D6B9 /* Info.plist */ = {isa = PBXFileReference; lastKnownFileType = text.plist.xml; path = Info.plist; sourceTree = "<group>"; };
		929402E025B304A80089D6B9 /* PilotsViewController.swift */ = {isa = PBXFileReference; lastKnownFileType = sourcecode.swift; path = PilotsViewController.swift; sourceTree = "<group>"; };
		929402EC25B308150089D6B9 /* Constants.swift */ = {isa = PBXFileReference; lastKnownFileType = sourcecode.swift; path = Constants.swift; sourceTree = "<group>"; };
		929402F925B30F6B0089D6B9 /* Formula1Cell.swift */ = {isa = PBXFileReference; lastKnownFileType = sourcecode.swift; path = Formula1Cell.swift; sourceTree = "<group>"; };
		929C7D1625B45270006313A7 /* DetailsViewController.swift */ = {isa = PBXFileReference; lastKnownFileType = sourcecode.swift; path = DetailsViewController.swift; sourceTree = "<group>"; };
		929C7D2A25B47E03006313A7 /* APIClient.swift */ = {isa = PBXFileReference; lastKnownFileType = sourcecode.swift; path = APIClient.swift; sourceTree = "<group>"; };
		929C7D8B25B6103D006313A7 /* ApiRouter.swift */ = {isa = PBXFileReference; lastKnownFileType = sourcecode.swift; path = ApiRouter.swift; sourceTree = "<group>"; };
		92A7EC1225B85A5500E3C23D /* ItemCellViewModel.swift */ = {isa = PBXFileReference; lastKnownFileType = sourcecode.swift; path = ItemCellViewModel.swift; sourceTree = "<group>"; };
		92D1D17E25BDC182005467FA /* Formula1Model.swift */ = {isa = PBXFileReference; lastKnownFileType = sourcecode.swift; path = Formula1Model.swift; sourceTree = "<group>"; };
		92D1D18125BDC1AD005467FA /* PilotModel.swift */ = {isa = PBXFileReference; lastKnownFileType = sourcecode.swift; path = PilotModel.swift; sourceTree = "<group>"; };
		92D1D18425BDC1E2005467FA /* ApiError.swift */ = {isa = PBXFileReference; lastKnownFileType = sourcecode.swift; path = ApiError.swift; sourceTree = "<group>"; };
		92D1D1B425BDE36D005467FA /* SearchViewController.swift */ = {isa = PBXFileReference; lastKnownFileType = sourcecode.swift; path = SearchViewController.swift; sourceTree = "<group>"; };
		D7CB1A570B8DC8F2082F31F2 /* Pods_Formula1.framework */ = {isa = PBXFileReference; explicitFileType = wrapper.framework; includeInIndex = 0; path = Pods_Formula1.framework; sourceTree = BUILT_PRODUCTS_DIR; };
/* End PBXFileReference section */

/* Begin PBXFrameworksBuildPhase section */
		929402C325B301B90089D6B9 /* Frameworks */ = {
			isa = PBXFrameworksBuildPhase;
			buildActionMask = 2147483647;
			files = (
				034CE4231A2FFE7F27A325DE /* Pods_Formula1.framework in Frameworks */,
			);
			runOnlyForDeploymentPostprocessing = 0;
		};
/* End PBXFrameworksBuildPhase section */

/* Begin PBXGroup section */
		22BCE133917F64DAC26F8C4C /* Pods */ = {
			isa = PBXGroup;
			children = (
				241D06B071868949DB8CCBA7 /* Pods-Formula1.debug.xcconfig */,
				8C4A423E31597868703CC469 /* Pods-Formula1.release.xcconfig */,
			);
			path = Pods;
			sourceTree = "<group>";
		};
		7E432454A8AB76BAD0B9570D /* Frameworks */ = {
			isa = PBXGroup;
			children = (
				D7CB1A570B8DC8F2082F31F2 /* Pods_Formula1.framework */,
			);
			name = Frameworks;
			sourceTree = "<group>";
		};
		921AC88025B81E24002B97FF /* ViewModel */ = {
			isa = PBXGroup;
			children = (
				921AC88125B81E3B002B97FF /* PilotsViewModel.swift */,
				92D1D18A25BDC270005467FA /* CellViewModel  */,
			);
			path = ViewModel;
			sourceTree = "<group>";
		};
		929402BD25B301B90089D6B9 = {
			isa = PBXGroup;
			children = (
				929402C825B301B90089D6B9 /* Formula1 */,
				929402C725B301B90089D6B9 /* Products */,
				22BCE133917F64DAC26F8C4C /* Pods */,
				7E432454A8AB76BAD0B9570D /* Frameworks */,
			);
			sourceTree = "<group>";
		};
		929402C725B301B90089D6B9 /* Products */ = {
			isa = PBXGroup;
			children = (
				929402C625B301B90089D6B9 /* Formula1.app */,
			);
			name = Products;
			sourceTree = "<group>";
		};
		929402C825B301B90089D6B9 /* Formula1 */ = {
			isa = PBXGroup;
			children = (
				929402FC25B338790089D6B9 /* Model */,
				929402E325B304B10089D6B9 /* Supporting files */,
				929402E525B304BB0089D6B9 /* Views */,
				929402E625B304C10089D6B9 /* Controllers */,
				929C7D2925B47DE0006313A7 /* Networking */,
				921AC88025B81E24002B97FF /* ViewModel */,
				929402D725B301BC0089D6B9 /* Info.plist */,
			);
			path = Formula1;
			sourceTree = "<group>";
		};
		929402E325B304B10089D6B9 /* Supporting files */ = {
			isa = PBXGroup;
			children = (
				929402C925B301B90089D6B9 /* AppDelegate.swift */,
				929402CB25B301B90089D6B9 /* SceneDelegate.swift */,
				929402D425B301BC0089D6B9 /* LaunchScreen.storyboard */,
				929402EC25B308150089D6B9 /* Constants.swift */,
			);
			path = "Supporting files";
			sourceTree = "<group>";
		};
		929402E525B304BB0089D6B9 /* Views */ = {
			isa = PBXGroup;
			children = (
				929402CF25B301B90089D6B9 /* Main.storyboard */,
				929402D225B301BC0089D6B9 /* Assets.xcassets */,
				929402F925B30F6B0089D6B9 /* Formula1Cell.swift */,
			);
			path = Views;
			sourceTree = "<group>";
		};
		929402E625B304C10089D6B9 /* Controllers */ = {
			isa = PBXGroup;
			children = (
				929402E025B304A80089D6B9 /* PilotsViewController.swift */,
				92D1D1B425BDE36D005467FA /* SearchViewController.swift */,
				929C7D1625B45270006313A7 /* DetailsViewController.swift */,
			);
			path = Controllers;
			sourceTree = "<group>";
		};
		929402FC25B338790089D6B9 /* Model */ = {
			isa = PBXGroup;
			children = (
				92D1D17E25BDC182005467FA /* Formula1Model.swift */,
				92D1D18125BDC1AD005467FA /* PilotModel.swift */,
			);
			path = Model;
			sourceTree = "<group>";
		};
		929C7D2925B47DE0006313A7 /* Networking */ = {
			isa = PBXGroup;
			children = (
				929C7D2A25B47E03006313A7 /* APIClient.swift */,
				929C7D8B25B6103D006313A7 /* ApiRouter.swift */,
				92D1D18725BDC1F1005467FA /* Supporting files */,
			);
			path = Networking;
			sourceTree = "<group>";
		};
		92D1D18725BDC1F1005467FA /* Supporting files */ = {
			isa = PBXGroup;
			children = (
				92D1D18425BDC1E2005467FA /* ApiError.swift */,
			);
			path = "Supporting files";
			sourceTree = "<group>";
		};
		92D1D18A25BDC270005467FA /* CellViewModel  */ = {
			isa = PBXGroup;
			children = (
				92A7EC1225B85A5500E3C23D /* ItemCellViewModel.swift */,
			);
			path = "CellViewModel ";
			sourceTree = "<group>";
		};
/* End PBXGroup section */

/* Begin PBXNativeTarget section */
		929402C525B301B90089D6B9 /* Formula1 */ = {
			isa = PBXNativeTarget;
			buildConfigurationList = 929402DA25B301BC0089D6B9 /* Build configuration list for PBXNativeTarget "Formula1" */;
			buildPhases = (
				5074ECC8721CF520830DD7A3 /* [CP] Check Pods Manifest.lock */,
				929402C225B301B90089D6B9 /* Sources */,
				929402C325B301B90089D6B9 /* Frameworks */,
				929402C425B301B90089D6B9 /* Resources */,
				4AA836FEF862DB535E057549 /* [CP] Embed Pods Frameworks */,
			);
			buildRules = (
			);
			dependencies = (
			);
			name = Formula1;
			productName = Formula1;
			productReference = 929402C625B301B90089D6B9 /* Formula1.app */;
			productType = "com.apple.product-type.application";
		};
/* End PBXNativeTarget section */

/* Begin PBXProject section */
		929402BE25B301B90089D6B9 /* Project object */ = {
			isa = PBXProject;
			attributes = {
				LastSwiftUpdateCheck = 1230;
				LastUpgradeCheck = 1230;
				TargetAttributes = {
					929402C525B301B90089D6B9 = {
						CreatedOnToolsVersion = 12.3;
					};
				};
			};
			buildConfigurationList = 929402C125B301B90089D6B9 /* Build configuration list for PBXProject "Formula1" */;
			compatibilityVersion = "Xcode 9.3";
			developmentRegion = en;
			hasScannedForEncodings = 0;
			knownRegions = (
				en,
				Base,
			);
			mainGroup = 929402BD25B301B90089D6B9;
			productRefGroup = 929402C725B301B90089D6B9 /* Products */;
			projectDirPath = "";
			projectRoot = "";
			targets = (
				929402C525B301B90089D6B9 /* Formula1 */,
			);
		};
/* End PBXProject section */

/* Begin PBXResourcesBuildPhase section */
		929402C425B301B90089D6B9 /* Resources */ = {
			isa = PBXResourcesBuildPhase;
			buildActionMask = 2147483647;
			files = (
				929402D625B301BC0089D6B9 /* LaunchScreen.storyboard in Resources */,
				929402D325B301BC0089D6B9 /* Assets.xcassets in Resources */,
				929402D125B301B90089D6B9 /* Main.storyboard in Resources */,
			);
			runOnlyForDeploymentPostprocessing = 0;
		};
/* End PBXResourcesBuildPhase section */

/* Begin PBXShellScriptBuildPhase section */
		4AA836FEF862DB535E057549 /* [CP] Embed Pods Frameworks */ = {
			isa = PBXShellScriptBuildPhase;
			buildActionMask = 2147483647;
			files = (
			);
			inputFileListPaths = (
				"${PODS_ROOT}/Target Support Files/Pods-Formula1/Pods-Formula1-frameworks-${CONFIGURATION}-input-files.xcfilelist",
			);
			name = "[CP] Embed Pods Frameworks";
			outputFileListPaths = (
				"${PODS_ROOT}/Target Support Files/Pods-Formula1/Pods-Formula1-frameworks-${CONFIGURATION}-output-files.xcfilelist",
			);
			runOnlyForDeploymentPostprocessing = 0;
			shellPath = /bin/sh;
			shellScript = "\"${PODS_ROOT}/Target Support Files/Pods-Formula1/Pods-Formula1-frameworks.sh\"\n";
			showEnvVarsInLog = 0;
		};
		5074ECC8721CF520830DD7A3 /* [CP] Check Pods Manifest.lock */ = {
			isa = PBXShellScriptBuildPhase;
			buildActionMask = 2147483647;
			files = (
			);
			inputFileListPaths = (
			);
			inputPaths = (
				"${PODS_PODFILE_DIR_PATH}/Podfile.lock",
				"${PODS_ROOT}/Manifest.lock",
			);
			name = "[CP] Check Pods Manifest.lock";
			outputFileListPaths = (
			);
			outputPaths = (
				"$(DERIVED_FILE_DIR)/Pods-Formula1-checkManifestLockResult.txt",
			);
			runOnlyForDeploymentPostprocessing = 0;
			shellPath = /bin/sh;
			shellScript = "diff \"${PODS_PODFILE_DIR_PATH}/Podfile.lock\" \"${PODS_ROOT}/Manifest.lock\" > /dev/null\nif [ $? != 0 ] ; then\n    # print error to STDERR\n    echo \"error: The sandbox is not in sync with the Podfile.lock. Run 'pod install' or update your CocoaPods installation.\" >&2\n    exit 1\nfi\n# This output is used by Xcode 'outputs' to avoid re-running this script phase.\necho \"SUCCESS\" > \"${SCRIPT_OUTPUT_FILE_0}\"\n";
			showEnvVarsInLog = 0;
		};
/* End PBXShellScriptBuildPhase section */

/* Begin PBXSourcesBuildPhase section */
		929402C225B301B90089D6B9 /* Sources */ = {
			isa = PBXSourcesBuildPhase;
			buildActionMask = 2147483647;
			files = (
				929402ED25B308150089D6B9 /* Constants.swift in Sources */,
				929C7D8C25B6103D006313A7 /* ApiRouter.swift in Sources */,
				929C7D1725B45270006313A7 /* DetailsViewController.swift in Sources */,
				92A7EC1325B85A5500E3C23D /* ItemCellViewModel.swift in Sources */,
				921AC88225B81E3B002B97FF /* PilotsViewModel.swift in Sources */,
				929C7D2B25B47E03006313A7 /* APIClient.swift in Sources */,
				929402FA25B30F6B0089D6B9 /* Formula1Cell.swift in Sources */,
				92D1D18525BDC1E2005467FA /* ApiError.swift in Sources */,
				92D1D1B525BDE36D005467FA /* SearchViewController.swift in Sources */,
				929402CA25B301B90089D6B9 /* AppDelegate.swift in Sources */,
				929402CC25B301B90089D6B9 /* SceneDelegate.swift in Sources */,
				92D1D17F25BDC182005467FA /* Formula1Model.swift in Sources */,
				929402E125B304A80089D6B9 /* PilotsViewController.swift in Sources */,
				92D1D18225BDC1AD005467FA /* PilotModel.swift in Sources */,
			);
			runOnlyForDeploymentPostprocessing = 0;
		};
/* End PBXSourcesBuildPhase section */

/* Begin PBXVariantGroup section */
		929402CF25B301B90089D6B9 /* Main.storyboard */ = {
			isa = PBXVariantGroup;
			children = (
				929402D025B301B90089D6B9 /* Base */,
			);
			name = Main.storyboard;
			sourceTree = "<group>";
		};
		929402D425B301BC0089D6B9 /* LaunchScreen.storyboard */ = {
			isa = PBXVariantGroup;
			children = (
				929402D525B301BC0089D6B9 /* Base */,
			);
			name = LaunchScreen.storyboard;
			sourceTree = "<group>";
		};
/* End PBXVariantGroup section */

/* Begin XCBuildConfiguration section */
		929402D825B301BC0089D6B9 /* Debug */ = {
			isa = XCBuildConfiguration;
			buildSettings = {
				ALWAYS_SEARCH_USER_PATHS = NO;
				CLANG_ANALYZER_NONNULL = YES;
				CLANG_ANALYZER_NUMBER_OBJECT_CONVERSION = YES_AGGRESSIVE;
				CLANG_CXX_LANGUAGE_STANDARD = "gnu++14";
				CLANG_CXX_LIBRARY = "libc++";
				CLANG_ENABLE_MODULES = YES;
				CLANG_ENABLE_OBJC_ARC = YES;
				CLANG_ENABLE_OBJC_WEAK = YES;
				CLANG_WARN_BLOCK_CAPTURE_AUTORELEASING = YES;
				CLANG_WARN_BOOL_CONVERSION = YES;
				CLANG_WARN_COMMA = YES;
				CLANG_WARN_CONSTANT_CONVERSION = YES;
				CLANG_WARN_DEPRECATED_OBJC_IMPLEMENTATIONS = YES;
				CLANG_WARN_DIRECT_OBJC_ISA_USAGE = YES_ERROR;
				CLANG_WARN_DOCUMENTATION_COMMENTS = YES;
				CLANG_WARN_EMPTY_BODY = YES;
				CLANG_WARN_ENUM_CONVERSION = YES;
				CLANG_WARN_INFINITE_RECURSION = YES;
				CLANG_WARN_INT_CONVERSION = YES;
				CLANG_WARN_NON_LITERAL_NULL_CONVERSION = YES;
				CLANG_WARN_OBJC_IMPLICIT_RETAIN_SELF = YES;
				CLANG_WARN_OBJC_LITERAL_CONVERSION = YES;
				CLANG_WARN_OBJC_ROOT_CLASS = YES_ERROR;
				CLANG_WARN_QUOTED_INCLUDE_IN_FRAMEWORK_HEADER = YES;
				CLANG_WARN_RANGE_LOOP_ANALYSIS = YES;
				CLANG_WARN_STRICT_PROTOTYPES = YES;
				CLANG_WARN_SUSPICIOUS_MOVE = YES;
				CLANG_WARN_UNGUARDED_AVAILABILITY = YES_AGGRESSIVE;
				CLANG_WARN_UNREACHABLE_CODE = YES;
				CLANG_WARN__DUPLICATE_METHOD_MATCH = YES;
				COPY_PHASE_STRIP = NO;
				DEBUG_INFORMATION_FORMAT = dwarf;
				ENABLE_STRICT_OBJC_MSGSEND = YES;
				ENABLE_TESTABILITY = YES;
				GCC_C_LANGUAGE_STANDARD = gnu11;
				GCC_DYNAMIC_NO_PIC = NO;
				GCC_NO_COMMON_BLOCKS = YES;
				GCC_OPTIMIZATION_LEVEL = 0;
				GCC_PREPROCESSOR_DEFINITIONS = (
					"DEBUG=1",
					"$(inherited)",
				);
				GCC_WARN_64_TO_32_BIT_CONVERSION = YES;
				GCC_WARN_ABOUT_RETURN_TYPE = YES_ERROR;
				GCC_WARN_UNDECLARED_SELECTOR = YES;
				GCC_WARN_UNINITIALIZED_AUTOS = YES_AGGRESSIVE;
				GCC_WARN_UNUSED_FUNCTION = YES;
				GCC_WARN_UNUSED_VARIABLE = YES;
				IPHONEOS_DEPLOYMENT_TARGET = 14.3;
				MTL_ENABLE_DEBUG_INFO = INCLUDE_SOURCE;
				MTL_FAST_MATH = YES;
				ONLY_ACTIVE_ARCH = YES;
				SDKROOT = iphoneos;
				SWIFT_ACTIVE_COMPILATION_CONDITIONS = DEBUG;
				SWIFT_OPTIMIZATION_LEVEL = "-Onone";
			};
			name = Debug;
		};
		929402D925B301BC0089D6B9 /* Release */ = {
			isa = XCBuildConfiguration;
			buildSettings = {
				ALWAYS_SEARCH_USER_PATHS = NO;
				CLANG_ANALYZER_NONNULL = YES;
				CLANG_ANALYZER_NUMBER_OBJECT_CONVERSION = YES_AGGRESSIVE;
				CLANG_CXX_LANGUAGE_STANDARD = "gnu++14";
				CLANG_CXX_LIBRARY = "libc++";
				CLANG_ENABLE_MODULES = YES;
				CLANG_ENABLE_OBJC_ARC = YES;
				CLANG_ENABLE_OBJC_WEAK = YES;
				CLANG_WARN_BLOCK_CAPTURE_AUTORELEASING = YES;
				CLANG_WARN_BOOL_CONVERSION = YES;
				CLANG_WARN_COMMA = YES;
				CLANG_WARN_CONSTANT_CONVERSION = YES;
				CLANG_WARN_DEPRECATED_OBJC_IMPLEMENTATIONS = YES;
				CLANG_WARN_DIRECT_OBJC_ISA_USAGE = YES_ERROR;
				CLANG_WARN_DOCUMENTATION_COMMENTS = YES;
				CLANG_WARN_EMPTY_BODY = YES;
				CLANG_WARN_ENUM_CONVERSION = YES;
				CLANG_WARN_INFINITE_RECURSION = YES;
				CLANG_WARN_INT_CONVERSION = YES;
				CLANG_WARN_NON_LITERAL_NULL_CONVERSION = YES;
				CLANG_WARN_OBJC_IMPLICIT_RETAIN_SELF = YES;
				CLANG_WARN_OBJC_LITERAL_CONVERSION = YES;
				CLANG_WARN_OBJC_ROOT_CLASS = YES_ERROR;
				CLANG_WARN_QUOTED_INCLUDE_IN_FRAMEWORK_HEADER = YES;
				CLANG_WARN_RANGE_LOOP_ANALYSIS = YES;
				CLANG_WARN_STRICT_PROTOTYPES = YES;
				CLANG_WARN_SUSPICIOUS_MOVE = YES;
				CLANG_WARN_UNGUARDED_AVAILABILITY = YES_AGGRESSIVE;
				CLANG_WARN_UNREACHABLE_CODE = YES;
				CLANG_WARN__DUPLICATE_METHOD_MATCH = YES;
				COPY_PHASE_STRIP = NO;
				DEBUG_INFORMATION_FORMAT = "dwarf-with-dsym";
				ENABLE_NS_ASSERTIONS = NO;
				ENABLE_STRICT_OBJC_MSGSEND = YES;
				GCC_C_LANGUAGE_STANDARD = gnu11;
				GCC_NO_COMMON_BLOCKS = YES;
				GCC_WARN_64_TO_32_BIT_CONVERSION = YES;
				GCC_WARN_ABOUT_RETURN_TYPE = YES_ERROR;
				GCC_WARN_UNDECLARED_SELECTOR = YES;
				GCC_WARN_UNINITIALIZED_AUTOS = YES_AGGRESSIVE;
				GCC_WARN_UNUSED_FUNCTION = YES;
				GCC_WARN_UNUSED_VARIABLE = YES;
				IPHONEOS_DEPLOYMENT_TARGET = 14.3;
				MTL_ENABLE_DEBUG_INFO = NO;
				MTL_FAST_MATH = YES;
				SDKROOT = iphoneos;
				SWIFT_COMPILATION_MODE = wholemodule;
				SWIFT_OPTIMIZATION_LEVEL = "-O";
				VALIDATE_PRODUCT = YES;
			};
			name = Release;
		};
		929402DB25B301BC0089D6B9 /* Debug */ = {
			isa = XCBuildConfiguration;
			baseConfigurationReference = 241D06B071868949DB8CCBA7 /* Pods-Formula1.debug.xcconfig */;
			buildSettings = {
				ASSETCATALOG_COMPILER_APPICON_NAME = AppIcon;
				ASSETCATALOG_COMPILER_GLOBAL_ACCENT_COLOR_NAME = AccentColor;
				CODE_SIGN_STYLE = Automatic;
				DEVELOPMENT_TEAM = L9295BF929;
				INFOPLIST_FILE = Formula1/Info.plist;
				IPHONEOS_DEPLOYMENT_TARGET = 14.2;
				LD_RUNPATH_SEARCH_PATHS = (
					"$(inherited)",
					"@executable_path/Frameworks",
				);
				PRODUCT_BUNDLE_IDENTIFIER = com.olena.stepaniuk.Formula1;
				PRODUCT_NAME = "$(TARGET_NAME)";
				SWIFT_VERSION = 5.0;
				TARGETED_DEVICE_FAMILY = 1;
			};
			name = Debug;
		};
		929402DC25B301BC0089D6B9 /* Release */ = {
			isa = XCBuildConfiguration;
			baseConfigurationReference = 8C4A423E31597868703CC469 /* Pods-Formula1.release.xcconfig */;
			buildSettings = {
				ASSETCATALOG_COMPILER_APPICON_NAME = AppIcon;
				ASSETCATALOG_COMPILER_GLOBAL_ACCENT_COLOR_NAME = AccentColor;
				CODE_SIGN_STYLE = Automatic;
				DEVELOPMENT_TEAM = L9295BF929;
				INFOPLIST_FILE = Formula1/Info.plist;
				IPHONEOS_DEPLOYMENT_TARGET = 14.2;
				LD_RUNPATH_SEARCH_PATHS = (
					"$(inherited)",
					"@executable_path/Frameworks",
				);
				PRODUCT_BUNDLE_IDENTIFIER = com.olena.stepaniuk.Formula1;
				PRODUCT_NAME = "$(TARGET_NAME)";
				SWIFT_VERSION = 5.0;
				TARGETED_DEVICE_FAMILY = 1;
			};
			name = Release;
		};
/* End XCBuildConfiguration section */

/* Begin XCConfigurationList section */
		929402C125B301B90089D6B9 /* Build configuration list for PBXProject "Formula1" */ = {
			isa = XCConfigurationList;
			buildConfigurations = (
				929402D825B301BC0089D6B9 /* Debug */,
				929402D925B301BC0089D6B9 /* Release */,
			);
			defaultConfigurationIsVisible = 0;
			defaultConfigurationName = Release;
		};
		929402DA25B301BC0089D6B9 /* Build configuration list for PBXNativeTarget "Formula1" */ = {
			isa = XCConfigurationList;
			buildConfigurations = (
				929402DB25B301BC0089D6B9 /* Debug */,
				929402DC25B301BC0089D6B9 /* Release */,
			);
			defaultConfigurationIsVisible = 0;
			defaultConfigurationName = Release;
		};
/* End XCConfigurationList section */
	};
	rootObject = 929402BE25B301B90089D6B9 /* Project object */;
}
